
Microsoft Visual Studio Solution File, Format Version 12.00
# Visual Studio 15
VisualStudioVersion = 15.0.27130.2020
MinimumVisualStudioVersion = 10.0.40219.1
Project("{FAE04EC0-301F-11D3-BF4B-00C04F79EFBC}") = "EmguTest", "EmguTest\EmguTest.csproj", "{4999279F-4F78-4B1D-B5F5-B6EBC5158BBC}"
EndProject
Global
	GlobalSection(SolutionConfigurationPlatforms) = preSolution
		Debug|Any CPU = Debug|Any CPU
		Release|Any CPU = Release|Any CPU
	EndGlobalSection
	GlobalSection(ProjectConfigurationPlatforms) = postSolution
		{4999279F-4F78-4B1D-B5F5-B6EBC5158BBC}.Debug|Any CPU.ActiveCfg = Debug|Any CPU
		{4999279F-4F78-4B1D-B5F5-B6EBC5158BBC}.Debug|Any CPU.Build.0 = Debug|Any CPU
		{4999279F-4F78-4B1D-B5F5-B6EBC5158BBC}.Release|Any CPU.ActiveCfg = Release|Any CPU
		{4999279F-4F78-4B1D-B5F5-B6EBC5158BBC}.Release|Any CPU.Build.0 = Release|Any CPU
	EndGlobalSection
	GlobalSection(SolutionProperties) = preSolution
		HideSolutionNode = FALSE
	EndGlobalSection
	GlobalSection(ExtensibilityGlobals) = postSolution
		SolutionGuid = {5D9B6F25-CE4D-4C6D-A101-DEC06D06EDA3}
	EndGlobalSection
EndGlobal
